Microsoft Visual Studio Solution File, Format Version 12.00
# Visual Studio Version 17
VisualStudioVersion = 17.5.2.0
MinimumVisualStudioVersion = 10.0.40219.1
Project("{FAE04EC0-301F-11D3-BF4B-00C04F79EFBC}") = "SmileTimeNET-API", "SmileTimeNET-API.csproj", "{ECE3446F-543D-D9F5-452C-37681CCB8573}"
EndProject
Global
	GlobalSection(SolutionConfigurationPlatforms) = preSolution
		Debug|Any CPU = Debug|Any CPU
		Release|Any CPU = Release|Any CPU
	EndGlobalSection
	GlobalSection(ProjectConfigurationPlatforms) = postSolution
		{ECE3446F-543D-D9F5-452C-37681CCB8573}.Debug|Any CPU.ActiveCfg = Debug|Any CPU
		{ECE3446F-543D-D9F5-452C-37681CCB8573}.Debug|Any CPU.Build.0 = Debug|Any CPU
		{ECE3446F-543D-D9F5-452C-37681CCB8573}.Release|Any CPU.ActiveCfg = Release|Any CPU
		{ECE3446F-543D-D9F5-452C-37681CCB8573}.Release|Any CPU.Build.0 = Release|Any CPU
	EndGlobalSection
	GlobalSection(SolutionProperties) = preSolution
		HideSolutionNode = FALSE
	EndGlobalSection
	GlobalSection(ExtensibilityGlobals) = postSolution
		SolutionGuid = {908DADA3-81E1-4C3B-8ABD-37F51AA0CDE5}
	EndGlobalSection
EndGlobal
